
Microsoft Visual Studio Solution File, Format Version 12.00
# Visual Studio Version 17
VisualStudioVersion = 17.4.33205.214
MinimumVisualStudioVersion = 10.0.40219.1
Project("{FAE04EC0-301F-11D3-BF4B-00C04F79EFBC}") = "BattleBit.GraphQl", "BattleBit.GraphQl\BattleBit.GraphQl.csproj", "{9A512125-0768-4774-9D7F-FCFC925FBC5C}"
EndProject
Project("{FAE04EC0-301F-11D3-BF4B-00C04F79EFBC}") = "BattleBitApi", "BattleBitAPI\BattleBitApi.csproj", "{9160F129-21F9-456B-BECB-427FF0FCEF98}"
EndProject
Global
	GlobalSection(SolutionConfigurationPlatforms) = preSolution
		Debug|Any CPU = Debug|Any CPU
		Release|Any CPU = Release|Any CPU
	EndGlobalSection
	GlobalSection(ProjectConfigurationPlatforms) = postSolution
		{9A512125-0768-4774-9D7F-FCFC925FBC5C}.Debug|Any CPU.ActiveCfg = Debug|Any CPU
		{9A512125-0768-4774-9D7F-FCFC925FBC5C}.Debug|Any CPU.Build.0 = Debug|Any CPU
		{9A512125-0768-4774-9D7F-FCFC925FBC5C}.Release|Any CPU.ActiveCfg = Release|Any CPU
		{9A512125-0768-4774-9D7F-FCFC925FBC5C}.Release|Any CPU.Build.0 = Release|Any CPU
		{9160F129-21F9-456B-BECB-427FF0FCEF98}.Debug|Any CPU.ActiveCfg = Debug|Any CPU
		{9160F129-21F9-456B-BECB-427FF0FCEF98}.Debug|Any CPU.Build.0 = Debug|Any CPU
		{9160F129-21F9-456B-BECB-427FF0FCEF98}.Release|Any CPU.ActiveCfg = Release|Any CPU
		{9160F129-21F9-456B-BECB-427FF0FCEF98}.Release|Any CPU.Build.0 = Release|Any CPU
	EndGlobalSection
	GlobalSection(SolutionProperties) = preSolution
		HideSolutionNode = FALSE
	EndGlobalSection
	GlobalSection(ExtensibilityGlobals) = postSolution
		SolutionGuid = {107CE7B8-8DB9-4467-AF24-1F22E52469E5}
	EndGlobalSection
EndGlobal
